lockfileVersion: '9.0'

settings:
  autoInstallPeers: true
  excludeLinksFromLockfile: false

importers:

  .:
    devDependencies:
      '@types/mocha':
        specifier: ^10.0.10
        version: 10.0.10
      '@types/node':
        specifier: ^20.17.10
        version: 20.17.10
      '@types/vscode':
        specifier: ^1.80.0
        version: 1.96.0
      typescript:
        specifier: ^5.7.2
        version: 5.7.2

packages:

  '@types/mocha@10.0.10':
    resolution: {integrity: sha512-xPyYSz1cMPnJQhl0CLMH68j3gprKZaTjG3s5Vi+fDgx+uhG9NOXwbVt52eFS8ECyXhyKcjDLCBEqBExKuiZb7Q==}

  '@types/node@20.17.10':
    resolution: {integrity: sha512-/jrvh5h6NXhEauFFexRin69nA0uHJ5gwk4iDivp/DeoEua3uwCUto6PC86IpRITBOs4+6i2I56K5x5b6WYGXHA==}

  '@types/vscode@1.96.0':
    resolution: {integrity: sha512-qvZbSZo+K4ZYmmDuaodMbAa67Pl6VDQzLKFka6rq+3WUTY4Kro7Bwoi0CuZLO/wema0ygcmpwow7zZfPJTs5jg==}

  typescript@5.7.2:
    resolution: {integrity: sha512-i5t66RHxDvVN40HfDd1PsEThGNnlMCMT3jMUuoh9/0TaqWevNontacunWyN02LA9/fIbEWlcHZcgTKb9QoaLfg==}
    engines: {node: '>=14.17'}
    hasBin: true

  undici-types@6.19.8:
    resolution: {integrity: sha512-ve2KP6f/JnbPBFyobGHuerC9g1FYGn/F8n1LWTwNxCEzd6IfqTwUQcNXgEtmmQ6DlRrC1hrSrBnCZPokRrDHjw==}

snapshots:

  '@types/mocha@10.0.10': {}

  '@types/node@20.17.10':
    dependencies:
      undici-types: 6.19.8

  '@types/vscode@1.96.0': {}

  typescript@5.7.2: {}

  undici-types@6.19.8: {}
